# This is a Gradle generated file for dependency locking.
# Manual edits can break the build and are not advised.
# This file is expected to be part of source control.
build.buf:protovalidate:0.7.0=compileClasspath,integrationTestCompileClasspath,integrationTestRuntimeClasspath,runtimeClasspath,testCompileClasspath,testRuntimeClasspath
com.ethlo.time:itu:1.14.0=integrationTestCompileClasspath,integrationTestRuntimeClasspath,testCompileClasspath,testRuntimeClasspath
com.fasterxml.jackson.core:jackson-annotations:2.21=compileClasspath,integrationTestCompileClasspath,integrationTestRuntimeClasspath,runtimeClasspath,testCompileClasspath,testRuntimeClasspath
com.fasterxml:classmate:1.7.2=integrationTestCompileClasspath,integrationTestRuntimeClasspath,testCompileClasspath,testRuntimeClasspath
com.github.ben-manes.caffeine:caffeine:3.0.5=annotationProcessor,integrationTestAnnotationProcessor,testAnnotationProcessor
com.github.kevinstern:software-and-algorithms:1.0=annotationProcessor,integrationTestAnnotationProcessor,testAnnotationProcessor
com.github.victools:jsonschema-generator:5.0.0=integrationTestCompileClasspath,integrationTestRuntimeClasspath,testCompileClasspath,testRuntimeClasspath
com.github.victools:jsonschema-module-jackson:5.0.0=integrationTestCompileClasspath,integrationTestRuntimeClasspath,testCompileClasspath,testRuntimeClasspath
com.google.auto.service:auto-service-annotations:1.0.1=annotationProcessor,integrationTestAnnotationProcessor,testAnnotationProcessor
com.google.auto.value:auto-value-annotations:1.9=annotationProcessor,integrationTestAnnotationProcessor,testAnnotationProcessor
com.google.auto:auto-common:1.2.2=annotationProcessor,integrationTestAnnotationProcessor,testAnnotationProcessor
com.google.errorprone:error_prone_annotation:2.47.0=annotationProcessor,integrationTestAnnotationProcessor,testAnnotationProcessor
com.google.errorprone:error_prone_annotations:2.47.0=annotationProcessor,integrationTestAnnotationProcessor,testAnnotationProcessor
com.google.errorprone:error_prone_check_api:2.47.0=annotationProcessor,integrationTestAnnotationProcessor,testAnnotationProcessor
com.google.errorprone:error_prone_core:2.47.0=annotationProcessor,integrationTestAnnotationProcessor,testAnnotationProcessor
com.google.googlejavaformat:google-java-format:1.27.0=annotationProcessor,integrationTestAnnotationProcessor,testAnnotationProcessor
com.google.guava:failureaccess:1.0.3=annotationProcessor,integrationTestAnnotationProcessor,testAnnotationProcessor
com.google.guava:guava:33.5.0-jre=annotationProcessor,integrationTestAnnotationProcessor,testAnnotationProcessor
com.google.guava:listenablefuture:9999.0-empty-to-avoid-conflict-with-guava=annotationProcessor,integrationTestAnnotationProcessor,testAnnotationProcessor
com.google.j2objc:j2objc-annotations:3.1=annotationProcessor,integrationTestAnnotationProcessor,testAnnotationProcessor
com.google.protobuf:protobuf-java:4.33.5=annotationProcessor,compileClasspath,integrationTestAnnotationProcessor,integrationTestCompileClasspath,integrationTestRuntimeClasspath,runtimeClasspath,testAnnotationProcessor,testCompileClasspath,testRuntimeClasspath
com.networknt:json-schema-validator:3.0.1=integrationTestCompileClasspath,integrationTestRuntimeClasspath,testCompileClasspath,testRuntimeClasspath
com.palantir.javapoet:javapoet:0.7.0=annotationProcessor
com.tngtech.archunit:archunit-junit5-api:1.4.1=integrationTestCompileClasspath,integrationTestRuntimeClasspath,testCompileClasspath,testRuntimeClasspath
com.tngtech.archunit:archunit-junit5-engine-api:1.4.1=integrationTestRuntimeClasspath,testRuntimeClasspath
com.tngtech.archunit:archunit-junit5-engine:1.4.1=integrationTestRuntimeClasspath,testRuntimeClasspath
com.tngtech.archunit:archunit-junit5:1.4.1=integrationTestCompileClasspath,integrationTestRuntimeClasspath,testCompileClasspath,testRuntimeClasspath
com.tngtech.archunit:archunit:1.4.1=integrationTestCompileClasspath,integrationTestRuntimeClasspath,testCompileClasspath,testRuntimeClasspath
io.github.eisop:dataflow-errorprone:3.41.0-eisop1=annotationProcessor,integrationTestAnnotationProcessor,testAnnotationProcessor
io.github.java-diff-utils:java-diff-utils:4.12=annotationProcessor,integrationTestAnnotationProcessor,testAnnotationProcessor
io.opentelemetry:opentelemetry-api:1.60.1=integrationTestRuntimeClasspath,runtimeClasspath,testRuntimeClasspath
io.opentelemetry:opentelemetry-common:1.60.1=integrationTestRuntimeClasspath,runtimeClasspath,testRuntimeClasspath
io.opentelemetry:opentelemetry-context:1.60.1=integrationTestRuntimeClasspath,runtimeClasspath,testRuntimeClasspath
io.soabase.record-builder:record-builder-core:52=annotationProcessor,compileClasspath
io.soabase.record-builder:record-builder-processor:52=annotationProcessor
javax.inject:javax.inject:1=annotationProcessor,integrationTestAnnotationProcessor,testAnnotationProcessor
org.agrona:agrona:1.22.0=integrationTestRuntimeClasspath,runtimeClasspath,testRuntimeClasspath
org.apiguardian:apiguardian-api:1.1.2=integrationTestCompileClasspath,testCompileClasspath
org.checkerframework:checker-qual:3.49.5=annotationProcessor,integrationTestAnnotationProcessor,testAnnotationProcessor
org.jspecify:jspecify:1.0.0=annotationProcessor,compileClasspath,integrationTestAnnotationProcessor,integrationTestCompileClasspath,integrationTestRuntimeClasspath,runtimeClasspath,testAnnotationProcessor,testCompileClasspath,testRuntimeClasspath
org.junit.jupiter:junit-jupiter-api:5.14.4=integrationTestCompileClasspath,integrationTestRuntimeClasspath,testCompileClasspath,testRuntimeClasspath
org.junit.jupiter:junit-jupiter-engine:5.14.4=integrationTestRuntimeClasspath,testRuntimeClasspath
org.junit.jupiter:junit-jupiter-params:5.14.4=integrationTestCompileClasspath,integrationTestRuntimeClasspath,testCompileClasspath,testRuntimeClasspath
org.junit.jupiter:junit-jupiter:5.14.4=integrationTestCompileClasspath,integrationTestRuntimeClasspath,testCompileClasspath,testRuntimeClasspath
org.junit.platform:junit-platform-commons:1.14.4=integrationTestCompileClasspath,integrationTestRuntimeClasspath,testCompileClasspath,testRuntimeClasspath
org.junit.platform:junit-platform-engine:1.14.4=integrationTestRuntimeClasspath,testRuntimeClasspath
org.junit.platform:junit-platform-launcher:1.14.4=integrationTestRuntimeClasspath,testRuntimeClasspath
org.junit:junit-bom:5.14.4=integrationTestCompileClasspath,integrationTestRuntimeClasspath,testCompileClasspath,testRuntimeClasspath
org.opentest4j:opentest4j:1.3.0=integrationTestCompileClasspath,integrationTestRuntimeClasspath,testCompileClasspath,testRuntimeClasspath
org.pcollections:pcollections:4.0.2=annotationProcessor,integrationTestAnnotationProcessor,testAnnotationProcessor
org.projectnessie.cel:cel-bom:0.5.1=integrationTestRuntimeClasspath,runtimeClasspath,testRuntimeClasspath
org.projectnessie.cel:cel-core:0.5.1=integrationTestRuntimeClasspath,runtimeClasspath,testRuntimeClasspath
org.projectnessie.cel:cel-generated-antlr:0.5.1=integrationTestRuntimeClasspath,runtimeClasspath,testRuntimeClasspath
org.projectnessie.cel:cel-generated-pb:0.5.1=integrationTestRuntimeClasspath,runtimeClasspath,testRuntimeClasspath
org.slf4j:slf4j-api:2.0.17=compileClasspath,integrationTestCompileClasspath,integrationTestRuntimeClasspath,runtimeClasspath,testCompileClasspath,testRuntimeClasspath
org.snakeyaml:snakeyaml-engine:3.0.1=integrationTestCompileClasspath,integrationTestRuntimeClasspath,runtimeClasspath,testCompileClasspath,testRuntimeClasspath
tools.jackson.core:jackson-core:3.1.0=compileClasspath,integrationTestCompileClasspath,integrationTestRuntimeClasspath,runtimeClasspath,testCompileClasspath,testRuntimeClasspath
tools.jackson.core:jackson-databind:3.1.0=compileClasspath,integrationTestCompileClasspath,integrationTestRuntimeClasspath,runtimeClasspath,testCompileClasspath,testRuntimeClasspath
tools.jackson.dataformat:jackson-dataformat-yaml:3.1.0=integrationTestCompileClasspath,integrationTestRuntimeClasspath,runtimeClasspath,testCompileClasspath,testRuntimeClasspath
tools.jackson:jackson-bom:3.1.0=compileClasspath,integrationTestCompileClasspath,integrationTestRuntimeClasspath,runtimeClasspath,testCompileClasspath,testRuntimeClasspath
empty=
